
Microsoft Visual Studio Solution File, Format Version 12.00
# Visual Studio 14
VisualStudioVersion = 14.0.24720.0
MinimumVisualStudioVersion = 10.0.40219.1
Project("{9092AA53-FB77-4645-B42D-1CCCA6BD08BD}") = "gulp-dependents", "gulp-dependents\gulp-dependents.njsproj", "{B1433A41-7DAB-4C43-9A3B-CF16ACA21EB6}"
EndProject
Project("{2150E333-8FDC-42A3-9474-1A3956D46DE8}") = "examples", "examples", "{EAA05BDE-F757-48DA-9923-029E28D2F4A2}"
EndProject
Project("{9092AA53-FB77-4645-B42D-1CCCA6BD08BD}") = "gulp-dependents-with-gulp-version-4", "examples\gulp-dependents-with-gulp-version-4\gulp-dependents-with-gulp-version-4.njsproj", "{68BB77C2-AAB6-4973-B2D3-8D8507FEAD99}"
EndProject
Project("{9092AA53-FB77-4645-B42D-1CCCA6BD08BD}") = "gulp-dependents-with-gulp-version-3", "examples\gulp-dependents-with-gulp-version-3\gulp-dependents-with-gulp-version-3.njsproj", "{072C4309-9CAA-44CB-AD9E-B6286F5C0E82}"
EndProject
Global
	GlobalSection(SolutionConfigurationPlatforms) = preSolution
		Debug|Any CPU = Debug|Any CPU
		Release|Any CPU = Release|Any CPU
	EndGlobalSection
	GlobalSection(ProjectConfigurationPlatforms) = postSolution
		{B1433A41-7DAB-4C43-9A3B-CF16ACA21EB6}.Debug|Any CPU.ActiveCfg = Debug|Any CPU
		{B1433A41-7DAB-4C43-9A3B-CF16ACA21EB6}.Debug|Any CPU.Build.0 = Debug|Any CPU
		{B1433A41-7DAB-4C43-9A3B-CF16ACA21EB6}.Release|Any CPU.ActiveCfg = Release|Any CPU
		{B1433A41-7DAB-4C43-9A3B-CF16ACA21EB6}.Release|Any CPU.Build.0 = Release|Any CPU
		{68BB77C2-AAB6-4973-B2D3-8D8507FEAD99}.Debug|Any CPU.ActiveCfg = Debug|Any CPU
		{68BB77C2-AAB6-4973-B2D3-8D8507FEAD99}.Debug|Any CPU.Build.0 = Debug|Any CPU
		{68BB77C2-AAB6-4973-B2D3-8D8507FEAD99}.Release|Any CPU.ActiveCfg = Release|Any CPU
		{68BB77C2-AAB6-4973-B2D3-8D8507FEAD99}.Release|Any CPU.Build.0 = Release|Any CPU
		{072C4309-9CAA-44CB-AD9E-B6286F5C0E82}.Debug|Any CPU.ActiveCfg = Debug|Any CPU
		{072C4309-9CAA-44CB-AD9E-B6286F5C0E82}.Debug|Any CPU.Build.0 = Debug|Any CPU
		{072C4309-9CAA-44CB-AD9E-B6286F5C0E82}.Release|Any CPU.ActiveCfg = Release|Any CPU
		{072C4309-9CAA-44CB-AD9E-B6286F5C0E82}.Release|Any CPU.Build.0 = Release|Any CPU
	EndGlobalSection
	GlobalSection(SolutionProperties) = preSolution
		HideSolutionNode = FALSE
	EndGlobalSection
	GlobalSection(NestedProjects) = preSolution
		{68BB77C2-AAB6-4973-B2D3-8D8507FEAD99} = {EAA05BDE-F757-48DA-9923-029E28D2F4A2}
		{072C4309-9CAA-44CB-AD9E-B6286F5C0E82} = {EAA05BDE-F757-48DA-9923-029E28D2F4A2}
	EndGlobalSection
EndGlobal
